
Microsoft Visual Studio Solution File, Format Version 12.00
# Visual Studio Version 17
VisualStudioVersion = 17.7.34202.233
MinimumVisualStudioVersion = 10.0.40219.1
Project("{FAE04EC0-301F-11D3-BF4B-00C04F79EFBC}") = "BankSimulator", "BankSimulator\BankSimulator.csproj", "{699D656B-7A13-4DEF-9607-C3CB33B89490}"
EndProject
Global
	GlobalSection(SolutionConfigurationPlatforms) = preSolution
		Debug|Any CPU = Debug|Any CPU
		Release|Any CPU = Release|Any CPU
	EndGlobalSection
	GlobalSection(ProjectConfigurationPlatforms) = postSolution
		{699D656B-7A13-4DEF-9607-C3CB33B89490}.Debug|Any CPU.ActiveCfg = Debug|Any CPU
		{699D656B-7A13-4DEF-9607-C3CB33B89490}.Debug|Any CPU.Build.0 = Debug|Any CPU
		{699D656B-7A13-4DEF-9607-C3CB33B89490}.Release|Any CPU.ActiveCfg = Release|Any CPU
		{699D656B-7A13-4DEF-9607-C3CB33B89490}.Release|Any CPU.Build.0 = Release|Any CPU
	EndGlobalSection
	GlobalSection(SolutionProperties) = preSolution
		HideSolutionNode = FALSE
	EndGlobalSection
	GlobalSection(ExtensibilityGlobals) = postSolution
		SolutionGuid = {BD19701A-0604-4FB3-863E-D82A2FB1818B}
	EndGlobalSection
EndGlobal
